<?xml version="1.0" encoding="UTF-8" standalone="yes" ?>
<CodeBlocks_project_file>
	<FileVersion major="1" minor="6" />
	<Project>
		<Option title="tropho3D-abm" />
		<Option pch_mode="2" />
		<Option compiler="gfortran" />
		<Build>
			<Target title="DLL">
				<Option output="Release/libtropho3D-abm" prefix_auto="1" extension_auto="1" />
				<Option object_output="obj/Release/" />
				<Option type="3" />
				<Option compiler="cygwin_gfortran" />
				<Option createDefFile="1" />
				<Option createStaticLib="1" />
				<Compiler>
					<Add option="-O2" />
					<Add option="-cpp" />
					<Add option="-ffree-line-length-none" />
					<Add option="-ffree-form" />
					<Add option="-DBUILD_DLL" />
				</Compiler>
				<Linker>
					<Add option="-lgomp" />
					<Add library=".\libpdlinsol.a" />
					<Add library="..\..\testing\umfpack\umflib\Release\libumf.a" />
				</Linker>
				<ExtraCommands>
					<Add after="cyg-vsvars32-vs10.bat" />
				</ExtraCommands>
			</Target>
			<Target title="main">
				<Option output="tropho3D-abm" prefix_auto="1" extension_auto="1" />
				<Option type="1" />
				<Option compiler="cygwin_gfortran" />
				<Compiler>
					<Add option="-ffree-form" />
				</Compiler>
				<Linker>
					<Add library="Release\libtropho3D-abm.a" />
				</Linker>
			</Target>
		</Build>
		<Compiler>
			<Add option="-cpp" />
			<Add option="-fopenmp" />
			<Add option="-ffree-line-length-none" />
			<Add option="-ffree-form" />
			<Add option="-w" />
			<Add option="-Wtabs" />
			<Add option="-Iobj/release" />
		</Compiler>
		<Unit filename="../src/FEmapper.f90">
			<Option weight="1" />
			<Option target="DLL" />
		</Unit>
		<Unit filename="../src/Mesh_Generate.f90">
			<Option weight="2" />
			<Option target="DLL" />
		</Unit>
		<Unit filename="../src/Winsock_c.f90">
			<Option weight="0" />
			<Option target="DLL" />
		</Unit>
		<Unit filename="../src/behaviour.f90">
			<Option weight="3" />
			<Option target="DLL" />
		</Unit>
		<Unit filename="../src/c_f_wrapper.c">
			<Option compilerVar="CC" />
			<Option target="DLL" />
		</Unit>
		<Unit filename="../src/chemokine.f90">
			<Option weight="2" />
			<Option target="DLL" />
		</Unit>
		<Unit filename="../src/clientc.c">
			<Option compilerVar="CC" />
			<Option target="DLL" />
		</Unit>
		<Unit filename="../src/fmotion.f90">
			<Option weight="4" />
			<Option target="DLL" />
		</Unit>
		<Unit filename="../src/global.f90">
			<Option weight="1" />
			<Option target="DLL" />
		</Unit>
		<Unit filename="../src/m_unista.f90">
			<Option weight="2" />
			<Option target="DLL" />
		</Unit>
		<Unit filename="../src/nbr.f90">
			<Option weight="2" />
			<Option target="DLL" />
		</Unit>
		<Unit filename="../src/nleq1.f90">
			<Option weight="0" />
			<Option target="DLL" />
		</Unit>
		<Unit filename="../src/pack.f90">
			<Option weight="1" />
			<Option target="DLL" />
		</Unit>
		<Unit filename="../src/par_zig_mod.f90">
			<Option weight="0" />
			<Option target="DLL" />
		</Unit>
		<Unit filename="../src/real_kind.f90">
			<Option weight="0" />
			<Option target="DLL" />
		</Unit>
		<Unit filename="../src/sparse.f90">
			<Option weight="3" />
			<Option target="DLL" />
		</Unit>
		<Unit filename="../src/sparsekit.f90">
			<Option weight="2" />
			<Option target="DLL" />
		</Unit>
		<Unit filename="../src/tcpc.c">
			<Option compilerVar="CC" />
			<Option target="DLL" />
		</Unit>
		<Unit filename="../src/tropho3D.f90">
			<Option weight="5" />
			<Option target="DLL" />
		</Unit>
		<Unit filename="../src/tropho3D_main.f90">
			<Option weight="6" />
			<Option target="main" />
		</Unit>
		<Unit filename="../src/umf_solver.f90">
			<Option weight="0" />
			<Option target="DLL" />
		</Unit>
		<Extensions>
			<code_completion />
			<envvars />
			<debugger />
			<lib_finder disable_auto="1" />
		</Extensions>
	</Project>
</CodeBlocks_project_file>
