<?xml version="1.0" encoding="UTF-8" standalone="yes" ?>
<CodeBlocks_project_file>
	<FileVersion major="1" minor="6" />
	<Project>
		<Option title="tropho3D-abm" />
		<Option pch_mode="2" />
		<Option compiler="gfortran" />
		<Build>
			<Target title="DLL">
				<Option output="Release/libtropho3D-abm" prefix_auto="1" extension_auto="1" />
				<Option object_output="obj/Release/" />
				<Option type="3" />
				<Option compiler="gfortran" />
				<Option createDefFile="1" />
				<Option createStaticLib="1" />
				<Option projectLinkerOptionsRelation="1" />
				<Compiler>
					<Add option="-O2" />
					<Add option="-cpp" />
					<Add option="-fopenmp" />
					<Add option="-w" />
					<Add option="-fcheck=all" />
					<Add option="-DBUILD_DLL -ffree-form" />
					<Add option="-DGFORTRAN" />
					<Add option="-DOPENMP" />
				</Compiler>
				<Linker>
					<Add library="C:\Program Files (x86)\mingw-w64\mingw32\i686-w64-mingw32\lib\libws2_32.a" />
					<Add library="C:\Program Files (x86)\mingw-w64\mingw32\lib\gcc\i686-w64-mingw32\4.9.2\libgomp.a" />
					<Add library="..\..\testing\SuperLU_MT\pdlinsol3\Release\libpdlinsol.a" />
				</Linker>
				<ExtraCommands>
					<Add after="myvsvars32-vs10.bat" />
					<Mode after="always" />
				</ExtraCommands>
			</Target>
			<Target title="main">
				<Option output="tropho3D_main" prefix_auto="1" extension_auto="1" />
				<Option type="1" />
				<Option compiler="gfortran" />
				<Option use_console_runner="0" />
				<Option projectLinkerOptionsRelation="1" />
				<Compiler>
					<Add directory="obj/Release" />
				</Compiler>
				<Linker>
					<Add library="Release\libtropho3D-abm.a" />
				</Linker>
			</Target>
		</Build>
		<Compiler>
			<Add option="-cpp" />
			<Add option="-fopenmp" />
			<Add option="-ffree-form" />
			<Add option="-w" />
			<Add directory="D:/suitesparse-metis-for-windows/SuiteSparse/UMFPACK/Include" />
			<Add directory="D:/suitesparse-metis-for-windows/SuiteSparse/AMD/Include" />
			<Add directory="D:/suitesparse-metis-for-windows/SuiteSparse/SuiteSparse_config" />
		</Compiler>
		<Linker>
			<Add option="-s" />
		</Linker>
		<Unit filename="../src/FEmapper.f90">
			<Option weight="1" />
			<Option target="DLL" />
		</Unit>
		<Unit filename="../src/Mesh_Generate.f90">
			<Option weight="2" />
			<Option target="DLL" />
		</Unit>
		<Unit filename="../src/Winsock_c.f90">
			<Option weight="0" />
			<Option target="DLL" />
		</Unit>
		<Unit filename="../src/behaviour.f90">
			<Option weight="3" />
			<Option target="DLL" />
		</Unit>
		<Unit filename="../src/c_f_wrapper.c">
			<Option compilerVar="CC" />
			<Option target="DLL" />
		</Unit>
		<Unit filename="../src/chemokine.f90">
			<Option weight="2" />
			<Option target="DLL" />
		</Unit>
		<Unit filename="../src/clientc.c">
			<Option compilerVar="CC" />
			<Option target="DLL" />
		</Unit>
		<Unit filename="../src/fmotion.f90">
			<Option weight="4" />
			<Option target="DLL" />
		</Unit>
		<Unit filename="../src/global.f90">
			<Option weight="1" />
			<Option target="DLL" />
		</Unit>
		<Unit filename="../src/m_unista.f90">
			<Option weight="2" />
			<Option target="DLL" />
		</Unit>
		<Unit filename="../src/nbr.f90">
			<Option weight="2" />
			<Option target="DLL" />
		</Unit>
		<Unit filename="../src/nleq1.f90">
			<Option weight="0" />
			<Option target="DLL" />
		</Unit>
		<Unit filename="../src/pack.f90">
			<Option weight="1" />
			<Option target="DLL" />
		</Unit>
		<Unit filename="../src/par_zig_mod.f90">
			<Option weight="0" />
			<Option target="DLL" />
		</Unit>
		<Unit filename="../src/real_kind.f90">
			<Option weight="0" />
			<Option target="DLL" />
		</Unit>
		<Unit filename="../src/sparse.f90">
			<Option weight="3" />
			<Option target="DLL" />
		</Unit>
		<Unit filename="../src/sparsekit.f90">
			<Option weight="2" />
			<Option target="DLL" />
		</Unit>
		<Unit filename="../src/tcpc.c">
			<Option compilerVar="CC" />
			<Option target="DLL" />
		</Unit>
		<Unit filename="../src/tropho3D.f90">
			<Option weight="5" />
			<Option target="DLL" />
		</Unit>
		<Unit filename="../src/tropho3D_main.f90">
			<Option weight="6" />
		</Unit>
		<Extensions>
			<code_completion />
			<envvars />
			<debugger />
		</Extensions>
	</Project>
</CodeBlocks_project_file>
